# This file is automatically @generated by Wally.
# It is not intended for manual editing.
registry = "test"

[[package]]
name = "ernie/terrain-editor-fork"
version = "0.1.0"
dependencies = [["Cryo", "phalanxia/cryo@1.0.3"], ["Promise", "evaera/promise@4.0.0"], ["Roact", "roblox/roact@1.4.4"], ["RoactRodux", "roblox/roact-rodux@0.5.1"], ["Rodux", "roblox/rodux@3.0.0"]]

[[package]]
name = "evaera/promise"
version = "4.0.0"
dependencies = []

[[package]]
name = "phalanxia/cryo"
version = "1.0.3"
dependencies = []

[[package]]
name = "roblox/roact"
version = "1.4.4"
dependencies = []

[[package]]
name = "roblox/roact-rodux"
version = "0.5.1"
dependencies = [["Roact", "roblox/roact@1.4.4"], ["Rodux", "roblox/rodux@4.0.0-rc.0"]]

[[package]]
name = "roblox/rodux"
version = "3.0.0"
dependencies = []

[[package]]
name = "roblox/rodux"
version = "4.0.0-rc.0"
dependencies = []
